
Microsoft Visual Studio Solution File, Format Version 12.00
Project("{FAE04EC0-301F-11D3-BF4B-00C04F79EFBC}") = "TelegramFolderSync", "src\TelegramFolderSync\TelegramFolderSync.csproj", "{B527C086-CD70-4028-A6CB-89EF099A9D51}"
EndProject
Project("{2150E333-8FDC-42A3-9474-1A3956D46DE8}") = "src", "src", "{28E59AF5-CC39-443A-B79C-14239EA87441}"
	ProjectSection(SolutionItems) = preProject
		Readme.md = Readme.md
	EndProjectSection
EndProject
Global
	GlobalSection(SolutionConfigurationPlatforms) = preSolution
		Debug|Any CPU = Debug|Any CPU
		Release|Any CPU = Release|Any CPU
	EndGlobalSection
	GlobalSection(ProjectConfigurationPlatforms) = postSolution
		{B527C086-CD70-4028-A6CB-89EF099A9D51}.Debug|Any CPU.ActiveCfg = Debug|Any CPU
		{B527C086-CD70-4028-A6CB-89EF099A9D51}.Debug|Any CPU.Build.0 = Debug|Any CPU
		{B527C086-CD70-4028-A6CB-89EF099A9D51}.Release|Any CPU.ActiveCfg = Release|Any CPU
		{B527C086-CD70-4028-A6CB-89EF099A9D51}.Release|Any CPU.Build.0 = Release|Any CPU
	EndGlobalSection
	GlobalSection(NestedProjects) = preSolution
		{B527C086-CD70-4028-A6CB-89EF099A9D51} = {28E59AF5-CC39-443A-B79C-14239EA87441}
	EndGlobalSection
EndGlobal
